
Microsoft Visual Studio Solution File, Format Version 12.00
# Visual Studio Version 17
VisualStudioVersion = 17.3.32825.248
MinimumVisualStudioVersion = 10.0.40219.1
Project("{8BC9CEB8-8B4A-11D0-8D11-00A0C91BC942}") = "LR_1_PLDS", "LR_1_PLDS\LR_1_PLDS.vcxproj", "{0A724B55-B2C9-43B6-88D3-69E9E0A9819F}"
EndProject
Global
	GlobalSection(SolutionConfigurationPlatforms) = preSolution
		Debug|x64 = Debug|x64
		Debug|x86 = Debug|x86
		Release|x64 = Release|x64
		Release|x86 = Release|x86
	EndGlobalSection
	GlobalSection(ProjectConfigurationPlatforms) = postSolution
		{0A724B55-B2C9-43B6-88D3-69E9E0A9819F}.Debug|x64.ActiveCfg = Debug|x64
		{0A724B55-B2C9-43B6-88D3-69E9E0A9819F}.Debug|x64.Build.0 = Debug|x64
		{0A724B55-B2C9-43B6-88D3-69E9E0A9819F}.Debug|x86.ActiveCfg = Debug|Win32
		{0A724B55-B2C9-43B6-88D3-69E9E0A9819F}.Debug|x86.Build.0 = Debug|Win32
		{0A724B55-B2C9-43B6-88D3-69E9E0A9819F}.Release|x64.ActiveCfg = Release|x64
		{0A724B55-B2C9-43B6-88D3-69E9E0A9819F}.Release|x64.Build.0 = Release|x64
		{0A724B55-B2C9-43B6-88D3-69E9E0A9819F}.Release|x86.ActiveCfg = Release|Win32
		{0A724B55-B2C9-43B6-88D3-69E9E0A9819F}.Release|x86.Build.0 = Release|Win32
	EndGlobalSection
	GlobalSection(SolutionProperties) = preSolution
		HideSolutionNode = FALSE
	EndGlobalSection
	GlobalSection(ExtensibilityGlobals) = postSolution
		SolutionGuid = {044D98CF-6563-4E97-9430-2E0DE4F5A660}
	EndGlobalSection
EndGlobal
